<?xml version="1.0" encoding="utf-8"?>
<Project ToolsVersion="4.0" xmlns="http://schemas.microsoft.com/developer/msbuild/2003">
  <ItemGroup>
    <Filter Include="Source Files">
      <UniqueIdentifier>{4FC737F1-C7A5-4376-A066-2A32D752A2FF}</UniqueIdentifier>
      <Extensions>cpp;c;cc;cxx;c++;cppm;ixx;def;odl;idl;hpj;bat;asm;asmx</Extensions>
    </Filter>
    <Filter Include="Header Files">
      <UniqueIdentifier>{93995380-89BD-4b04-88EB-625FBE52EBFB}</UniqueIdentifier>
      <Extensions>h;hh;hpp;hxx;h++;hm;inl;inc;ipp;xsd</Extensions>
    </Filter>
    <Filter Include="Resource Files">
      <UniqueIdentifier>{67DA6AB6-F800-4c08-8B7A-83BB121AAD01}</UniqueIdentifier>
      <Extensions>rc;ico;cur;bmp;dlg;rc2;rct;bin;rgs;gif;jpg;jpeg;jpe;resx;tiff;tif;png;wav;mfcribbon-ms</Extensions>
    </Filter>
  </ItemGroup>
  <ItemGroup>
    <ClCompile Include="Rapid.cpp">
      <Filter>Source Files</Filter>
    </ClCompile>
  </ItemGroup>
  <ItemGroup>
    <ClInclude Include="include\rapid\matrix\matrixCore.h">
      <Filter>Header Files</Filter>
    </ClInclude>
    <ClInclude Include="include\rapid\matrix\matrixArrayView.h">
      <Filter>Header Files</Filter>
    </ClInclude>
    <ClInclude Include="include\rapid\matrix\tinyMatrix.h">
      <Filter>Header Files</Filter>
    </ClInclude>
    <ClInclude Include="include\rapid\vector.h">
      <Filter>Header Files</Filter>
    </ClInclude>
    <ClInclude Include="include\rapid\graphics.h">
      <Filter>Header Files</Filter>
    </ClInclude>
    <ClInclude Include="include\rapid\internal.h">
      <Filter>Header Files</Filter>
    </ClInclude>
    <ClInclude Include="include\rapid\io.h">
      <Filter>Header Files</Filter>
    </ClInclude>
    <ClInclude Include="include\rapid\math.h">
      <Filter>Header Files</Filter>
    </ClInclude>
    <ClInclude Include="include\rapid\matrix.h">
      <Filter>Header Files</Filter>
    </ClInclude>
    <ClInclude Include="include\rapid\messageBox.h">
      <Filter>Header Files</Filter>
    </ClInclude>
    <ClInclude Include="include\rapid\network.h">
      <Filter>Header Files</Filter>
    </ClInclude>
    <ClInclude Include="include\rapid\rapid.h">
      <Filter>Header Files</Filter>
    </ClInclude>
    <ClInclude Include="include\rapid\IO\csvReader.h">
      <Filter>Header Files</Filter>
    </ClInclude>
    <ClInclude Include="include\rapid\graphics\graphicsCore.h">
      <Filter>Header Files</Filter>
    </ClInclude>
    <ClInclude Include="include\rapid\graphics\messageBoxCore.h">
      <Filter>Header Files</Filter>
    </ClInclude>
    <ClInclude Include="include\rapid\graphics\textRenderer.h">
      <Filter>Header Files</Filter>
    </ClInclude>
    <ClInclude Include="include\rapid\graphics\CImg\CImg.h">
      <Filter>Header Files</Filter>
    </ClInclude>
    <ClInclude Include="include\rapid\graphics\freetype\freetype\config\ftconfig.h">
      <Filter>Header Files</Filter>
    </ClInclude>
    <ClInclude Include="include\rapid\graphics\freetype\freetype\config\ftheader.h">
      <Filter>Header Files</Filter>
    </ClInclude>
    <ClInclude Include="include\rapid\graphics\freetype\freetype\config\ftmodule.h">
      <Filter>Header Files</Filter>
    </ClInclude>
    <ClInclude Include="include\rapid\graphics\freetype\freetype\config\ftoption.h">
      <Filter>Header Files</Filter>
    </ClInclude>
    <ClInclude Include="include\rapid\graphics\freetype\freetype\config\ftstdlib.h">
      <Filter>Header Files</Filter>
    </ClInclude>
    <ClInclude Include="include\rapid\graphics\freetype\freetype\config\integer-types.h">
      <Filter>Header Files</Filter>
    </ClInclude>
    <ClInclude Include="include\rapid\graphics\freetype\freetype\config\mac-support.h">
      <Filter>Header Files</Filter>
    </ClInclude>
    <ClInclude Include="include\rapid\graphics\freetype\freetype\config\public-macros.h">
      <Filter>Header Files</Filter>
    </ClInclude>
    <ClInclude Include="include\rapid\graphics\freetype\freetype\freetype.h">
      <Filter>Header Files</Filter>
    </ClInclude>
    <ClInclude Include="include\rapid\graphics\freetype\freetype\ftadvanc.h">
      <Filter>Header Files</Filter>
    </ClInclude>
    <ClInclude Include="include\rapid\graphics\freetype\freetype\ftbbox.h">
      <Filter>Header Files</Filter>
    </ClInclude>
    <ClInclude Include="include\rapid\graphics\freetype\freetype\ftbdf.h">
      <Filter>Header Files</Filter>
    </ClInclude>
    <ClInclude Include="include\rapid\graphics\freetype\freetype\ftbitmap.h">
      <Filter>Header Files</Filter>
    </ClInclude>
    <ClInclude Include="include\rapid\graphics\freetype\freetype\ftbzip2.h">
      <Filter>Header Files</Filter>
    </ClInclude>
    <ClInclude Include="include\rapid\graphics\freetype\freetype\ftcache.h">
      <Filter>Header Files</Filter>
    </ClInclude>
    <ClInclude Include="include\rapid\graphics\freetype\freetype\ftchapters.h">
      <Filter>Header Files</Filter>
    </ClInclude>
    <ClInclude Include="include\rapid\graphics\freetype\freetype\ftcid.h">
      <Filter>Header Files</Filter>
    </ClInclude>
    <ClInclude Include="include\rapid\graphics\freetype\freetype\ftcolor.h">
      <Filter>Header Files</Filter>
    </ClInclude>
    <ClInclude Include="include\rapid\graphics\freetype\freetype\ftdriver.h">
      <Filter>Header Files</Filter>
    </ClInclude>
    <ClInclude Include="include\rapid\graphics\freetype\freetype\fterrdef.h">
      <Filter>Header Files</Filter>
    </ClInclude>
    <ClInclude Include="include\rapid\graphics\freetype\freetype\fterrors.h">
      <Filter>Header Files</Filter>
    </ClInclude>
    <ClInclude Include="include\rapid\graphics\freetype\freetype\ftfntfmt.h">
      <Filter>Header Files</Filter>
    </ClInclude>
    <ClInclude Include="include\rapid\graphics\freetype\freetype\ftgasp.h">
      <Filter>Header Files</Filter>
    </ClInclude>
    <ClInclude Include="include\rapid\graphics\freetype\freetype\ftglyph.h">
      <Filter>Header Files</Filter>
    </ClInclude>
    <ClInclude Include="include\rapid\graphics\freetype\freetype\ftgxval.h">
      <Filter>Header Files</Filter>
    </ClInclude>
    <ClInclude Include="include\rapid\graphics\freetype\freetype\ftgzip.h">
      <Filter>Header Files</Filter>
    </ClInclude>
    <ClInclude Include="include\rapid\graphics\freetype\freetype\ftimage.h">
      <Filter>Header Files</Filter>
    </ClInclude>
    <ClInclude Include="include\rapid\graphics\freetype\freetype\ftincrem.h">
      <Filter>Header Files</Filter>
    </ClInclude>
    <ClInclude Include="include\rapid\graphics\freetype\freetype\ftlcdfil.h">
      <Filter>Header Files</Filter>
    </ClInclude>
    <ClInclude Include="include\rapid\graphics\freetype\freetype\ftlist.h">
      <Filter>Header Files</Filter>
    </ClInclude>
    <ClInclude Include="include\rapid\graphics\freetype\freetype\ftlzw.h">
      <Filter>Header Files</Filter>
    </ClInclude>
    <ClInclude Include="include\rapid\graphics\freetype\freetype\ftmac.h">
      <Filter>Header Files</Filter>
    </ClInclude>
    <ClInclude Include="include\rapid\graphics\freetype\freetype\ftmm.h">
      <Filter>Header Files</Filter>
    </ClInclude>
    <ClInclude Include="include\rapid\graphics\freetype\freetype\ftmodapi.h">
      <Filter>Header Files</Filter>
    </ClInclude>
    <ClInclude Include="include\rapid\graphics\freetype\freetype\ftmoderr.h">
      <Filter>Header Files</Filter>
    </ClInclude>
    <ClInclude Include="include\rapid\graphics\freetype\freetype\ftotval.h">
      <Filter>Header Files</Filter>
    </ClInclude>
    <ClInclude Include="include\rapid\graphics\freetype\freetype\ftoutln.h">
      <Filter>Header Files</Filter>
    </ClInclude>
    <ClInclude Include="include\rapid\graphics\freetype\freetype\ftparams.h">
      <Filter>Header Files</Filter>
    </ClInclude>
    <ClInclude Include="include\rapid\graphics\freetype\freetype\ftpfr.h">
      <Filter>Header Files</Filter>
    </ClInclude>
    <ClInclude Include="include\rapid\graphics\freetype\freetype\ftrender.h">
      <Filter>Header Files</Filter>
    </ClInclude>
    <ClInclude Include="include\rapid\graphics\freetype\freetype\ftsizes.h">
      <Filter>Header Files</Filter>
    </ClInclude>
    <ClInclude Include="include\rapid\graphics\freetype\freetype\ftsnames.h">
      <Filter>Header Files</Filter>
    </ClInclude>
    <ClInclude Include="include\rapid\graphics\freetype\freetype\ftstroke.h">
      <Filter>Header Files</Filter>
    </ClInclude>
    <ClInclude Include="include\rapid\graphics\freetype\freetype\ftsynth.h">
      <Filter>Header Files</Filter>
    </ClInclude>
    <ClInclude Include="include\rapid\graphics\freetype\freetype\ftsystem.h">
      <Filter>Header Files</Filter>
    </ClInclude>
    <ClInclude Include="include\rapid\graphics\freetype\freetype\fttrigon.h">
      <Filter>Header Files</Filter>
    </ClInclude>
    <ClInclude Include="include\rapid\graphics\freetype\freetype\fttypes.h">
      <Filter>Header Files</Filter>
    </ClInclude>
    <ClInclude Include="include\rapid\graphics\freetype\freetype\ftwinfnt.h">
      <Filter>Header Files</Filter>
    </ClInclude>
    <ClInclude Include="include\rapid\graphics\freetype\freetype\t1tables.h">
      <Filter>Header Files</Filter>
    </ClInclude>
    <ClInclude Include="include\rapid\graphics\freetype\freetype\ttnameid.h">
      <Filter>Header Files</Filter>
    </ClInclude>
    <ClInclude Include="include\rapid\graphics\freetype\freetype\tttables.h">
      <Filter>Header Files</Filter>
    </ClInclude>
    <ClInclude Include="include\rapid\graphics\freetype\freetype\tttags.h">
      <Filter>Header Files</Filter>
    </ClInclude>
    <ClInclude Include="include\rapid\graphics\freetype\ft2build.h">
      <Filter>Header Files</Filter>
    </ClInclude>
    <ClInclude Include="include\rapid\graphics\glew\include\GL\eglew.h">
      <Filter>Header Files</Filter>
    </ClInclude>
    <ClInclude Include="include\rapid\graphics\glew\include\GL\glew.h">
      <Filter>Header Files</Filter>
    </ClInclude>
    <ClInclude Include="include\rapid\graphics\glew\include\GL\glxew.h">
      <Filter>Header Files</Filter>
    </ClInclude>
    <ClInclude Include="include\rapid\graphics\glew\include\GL\wglew.h">
      <Filter>Header Files</Filter>
    </ClInclude>
    <ClInclude Include="include\rapid\graphics\GLFW\glfw3.h">
      <Filter>Header Files</Filter>
    </ClInclude>
    <ClInclude Include="include\rapid\graphics\GLFW\glfw3native.h">
      <Filter>Header Files</Filter>
    </ClInclude>
    <ClInclude Include="include\rapid\network\activations.h">
      <Filter>Header Files</Filter>
    </ClInclude>
    <ClInclude Include="include\rapid\IO\createDir.h">
      <Filter>Header Files</Filter>
    </ClInclude>
    <ClInclude Include="include\rapid\IO\systemExecute.h">
      <Filter>Header Files</Filter>
    </ClInclude>
    <ClInclude Include="include\rapid\network\networkCore.h">
      <Filter>Header Files</Filter>
    </ClInclude>
    <ClInclude Include="include\rapid\array\arrayCore.h">
      <Filter>Header Files</Filter>
    </ClInclude>
    <ClInclude Include="include\rapid\array.h">
      <Filter>Header Files</Filter>
    </ClInclude>
    <ClInclude Include="include\rapid\array\prettyPrint.h">
      <Filter>Header Files</Filter>
    </ClInclude>
    <ClInclude Include="include\rapid\graphics\pixelEngineCore.h">
      <Filter>Header Files</Filter>
    </ClInclude>
    <ClInclude Include="include\rapid\parser\mathParserCore.h">
      <Filter>Header Files</Filter>
    </ClInclude>
    <ClInclude Include="include\rapid\parser.h">
      <Filter>Header Files</Filter>
    </ClInclude>
    <ClInclude Include="include\rapid\parser\utils.h">
      <Filter>Header Files</Filter>
    </ClInclude>
    <ClInclude Include="include\rapid\array\cblasAPI.h">
      <Filter>Header Files</Filter>
    </ClInclude>
    <ClInclude Include="include\rapid\array\fromData.h">
      <Filter>Header Files</Filter>
    </ClInclude>
    <ClInclude Include="include\rapid\network\optimizers.h">
      <Filter>Header Files</Filter>
    </ClInclude>
  </ItemGroup>
  <ItemGroup>
    <None Include="include\rapid\graphics\glew\doc\advanced.html" />
    <None Include="include\rapid\graphics\glew\doc\basic.html" />
    <None Include="include\rapid\graphics\glew\doc\build.html" />
    <None Include="include\rapid\graphics\glew\doc\credits.html" />
    <None Include="include\rapid\graphics\glew\doc\glew.html" />
    <None Include="include\rapid\graphics\glew\doc\glxew.html" />
    <None Include="include\rapid\graphics\glew\doc\index.html" />
    <None Include="include\rapid\graphics\glew\doc\install.html" />
    <None Include="include\rapid\graphics\glew\doc\log.html" />
    <None Include="include\rapid\graphics\glew\doc\wglew.html" />
  </ItemGroup>
</Project>